// !$*UTF8*$!
{
	archiveVersion = 1;
	classes = {
	};
	objectVersion = 77;
	objects = {

/* Begin PBXBuildFile section */
		0C1A620A2D8EC6380026F288 /* Parsing in Frameworks */ = {isa = PBXBuildFile; productRef = 0C1A62092D8EC6380026F288 /* Parsing */; };
		0C1A621B2D8EC7F10026F288 /* WorkspacePool.swift in Sources */ = {isa = PBXBuildFile; fileRef = 0C1A621A2D8EC7F10026F288 /* WorkspacePool.swift */; };
		0C1A621C2D8EC7F10026F288 /* FileSaveWatcher.swift in Sources */ = {isa = PBXBuildFile; fileRef = 0C1A62162D8EC7F10026F288 /* FileSaveWatcher.swift */; };
		0C1A621D2D8EC7F10026F288 /* Filespace.swift in Sources */ = {isa = PBXBuildFile; fileRef = 0C1A62172D8EC7F10026F288 /* Filespace.swift */; };
		0C1A621E2D8EC7F10026F288 /* OpenedFileRocoverableStorage.swift in Sources */ = {isa = PBXBuildFile; fileRef = 0C1A62182D8EC7F10026F288 /* OpenedFileRocoverableStorage.swift */; };
		0C1A621F2D8EC7F10026F288 /* Workspace.swift in Sources */ = {isa = PBXBuildFile; fileRef = 0C1A62192D8EC7F10026F288 /* Workspace.swift */; };
		0C1A62222D8EC86A0026F288 /* Service.swift in Sources */ = {isa = PBXBuildFile; fileRef = 0C1A62212D8EC86A0026F288 /* Service.swift */; };
		0C1A62252D8EE2970026F288 /* CGEventOverride in Frameworks */ = {isa = PBXBuildFile; productRef = 0C1A62242D8EE2970026F288 /* CGEventOverride */; };
		0C1A62292D8EE31F0026F288 /* KeyBindingManager.swift in Sources */ = {isa = PBXBuildFile; fileRef = 0C1A62262D8EE31F0026F288 /* KeyBindingManager.swift */; };
		0C1A622A2D8EE31F0026F288 /* TabToAcceptSuggestion.swift in Sources */ = {isa = PBXBuildFile; fileRef = 0C1A62272D8EE31F0026F288 /* TabToAcceptSuggestion.swift */; };
		0C1A622D2D8EE3DA0026F288 /* CombineBinding in Frameworks */ = {isa = PBXBuildFile; productRef = 0C1A622C2D8EE3DA0026F288 /* CombineBinding */; };
		0C1A622F2D8EF99B0026F288 /* Logs.swift in Sources */ = {isa = PBXBuildFile; fileRef = 0C1A622E2D8EF9980026F288 /* Logs.swift */; };
		0C1A62312D8EFA020026F288 /* ActiveApplicationMonitor.swift in Sources */ = {isa = PBXBuildFile; fileRef = 0C1A62302D8EFA020026F288 /* ActiveApplicationMonitor.swift */; };
		0C1A62342D8F06270026F288 /* UserDefaultsKey.swift in Sources */ = {isa = PBXBuildFile; fileRef = 0C1A62332D8F06270026F288 /* UserDefaultsKey.swift */; };
		0C1A62362D8F0F6E0026F288 /* ScheduledCleaner.swift in Sources */ = {isa = PBXBuildFile; fileRef = 0C1A62352D8F0F6E0026F288 /* ScheduledCleaner.swift */; };
		0C1A62382D8F0FB00026F288 /* Workspace+Cleanup.swift in Sources */ = {isa = PBXBuildFile; fileRef = 0C1A62372D8F0FB00026F288 /* Workspace+Cleanup.swift */; };
		0C1A623E2D8F10020026F288 /* SuggestionWorkspacePlugin.swift in Sources */ = {isa = PBXBuildFile; fileRef = 0C1A623B2D8F10020026F288 /* SuggestionWorkspacePlugin.swift */; };
		0C1A623F2D8F10020026F288 /* Filespace+SuggestionService.swift in Sources */ = {isa = PBXBuildFile; fileRef = 0C1A62392D8F10020026F288 /* Filespace+SuggestionService.swift */; };
		0C1A62402D8F10020026F288 /* Workspace+SuggestionService.swift in Sources */ = {isa = PBXBuildFile; fileRef = 0C1A623C2D8F10020026F288 /* Workspace+SuggestionService.swift */; };
		0C1A62412D8F10020026F288 /* LineEdit.swift in Sources */ = {isa = PBXBuildFile; fileRef = 0C1A623A2D8F10020026F288 /* LineEdit.swift */; };
		0C1A62492D8F2ED00026F288 /* CommunicationBridgeXPCServiceProtocol.swift in Sources */ = {isa = PBXBuildFile; fileRef = 0C1A62422D8F2ED00026F288 /* CommunicationBridgeXPCServiceProtocol.swift */; };
		0C1A624A2D8F2ED00026F288 /* XPCService.swift in Sources */ = {isa = PBXBuildFile; fileRef = 0C1A62462D8F2ED00026F288 /* XPCService.swift */; };
		0C1A624B2D8F2ED00026F288 /* XPCExtensionService.swift in Sources */ = {isa = PBXBuildFile; fileRef = 0C1A62452D8F2ED00026F288 /* XPCExtensionService.swift */; };
		0C1A624C2D8F2ED00026F288 /* XPCCommunicationBridge.swift in Sources */ = {isa = PBXBuildFile; fileRef = 0C1A62442D8F2ED00026F288 /* XPCCommunicationBridge.swift */; };
		0C1A624D2D8F2ED00026F288 /* Models.swift in Sources */ = {isa = PBXBuildFile; fileRef = 0C1A62432D8F2ED00026F288 /* Models.swift */; };
		0C1A624E2D8F2ED00026F288 /* XPCServiceProtocol.swift in Sources */ = {isa = PBXBuildFile; fileRef = 0C1A62472D8F2ED00026F288 /* XPCServiceProtocol.swift */; };
		0C1A62522D8F317D0026F288 /* SuggestionService.swift in Sources */ = {isa = PBXBuildFile; fileRef = 0C1A62512D8F317D0026F288 /* SuggestionService.swift */; };
		0C1A62542D8F325B0026F288 /* SuggestionServiceProvider.swift in Sources */ = {isa = PBXBuildFile; fileRef = 0C1A62532D8F325B0026F288 /* SuggestionServiceProvider.swift */; };
		0CAD873F2D8CAE8B002ABF1D /* AsyncAlgorithms in Frameworks */ = {isa = PBXBuildFile; productRef = 0CAD873E2D8CAE8B002ABF1D /* AsyncAlgorithms */; };
		0CAD87402D8CAF0A002ABF1D /* RealtimeSuggestionController.swift in Sources */ = {isa = PBXBuildFile; fileRef = 0CDF711F2D8C29E8002FA8D6 /* RealtimeSuggestionController.swift */; };
		0CAD87492D8CAF31002ABF1D /* XcodeAppInstanceInspector.swift in Sources */ = {isa = PBXBuildFile; fileRef = 0CAD87412D8CAF31002ABF1D /* XcodeAppInstanceInspector.swift */; };
		0CAD874A2D8CAF31002ABF1D /* XcodeInspector+TriggerCommand.swift in Sources */ = {isa = PBXBuildFile; fileRef = 0CAD87472D8CAF31002ABF1D /* XcodeInspector+TriggerCommand.swift */; };
		0CAD874B2D8CAF31002ABF1D /* XcodeWindowInspector.swift in Sources */ = {isa = PBXBuildFile; fileRef = 0CAD87482D8CAF31002ABF1D /* XcodeWindowInspector.swift */; };
		0CAD874C2D8CAF31002ABF1D /* Helpers.swift in Sources */ = {isa = PBXBuildFile; fileRef = 0CAD87452D8CAF31002ABF1D /* Helpers.swift */; };
		0CAD874E2D8CAF31002ABF1D /* SourceEditor.swift in Sources */ = {isa = PBXBuildFile; fileRef = 0CAD87462D8CAF31002ABF1D /* SourceEditor.swift */; };
		0CAD874F2D8CAF31002ABF1D /* AppInstanceInspector.swift in Sources */ = {isa = PBXBuildFile; fileRef = 0CAD87432D8CAF31002ABF1D /* AppInstanceInspector.swift */; };
		0CAD87522D8CB05A002ABF1D /* AsyncPassthroughSubject.swift in Sources */ = {isa = PBXBuildFile; fileRef = 0CAD87512D8CB05A002ABF1D /* AsyncPassthroughSubject.swift */; };
		0CAD87552D8CB07D002ABF1D /* AXNotificationStream.swift in Sources */ = {isa = PBXBuildFile; fileRef = 0CAD87542D8CB07D002ABF1D /* AXNotificationStream.swift */; };
		0CAD875E2D8CB1D4002ABF1D /* Modification.swift in Sources */ = {isa = PBXBuildFile; fileRef = 0CAD875B2D8CB1D4002ABF1D /* Modification.swift */; };
		0CAD875F2D8CB1D4002ABF1D /* EditorInformation.swift in Sources */ = {isa = PBXBuildFile; fileRef = 0CAD87582D8CB1D4002ABF1D /* EditorInformation.swift */; };
		0CAD87602D8CB1D4002ABF1D /* LanguageIdentifierFromFilePath.swift in Sources */ = {isa = PBXBuildFile; fileRef = 0CAD875A2D8CB1D4002ABF1D /* LanguageIdentifierFromFilePath.swift */; };
		0CAD87612D8CB1D4002ABF1D /* CodeSuggestion.swift in Sources */ = {isa = PBXBuildFile; fileRef = 0CAD87572D8CB1D4002ABF1D /* CodeSuggestion.swift */; };
		0CAD87622D8CB1D4002ABF1D /* ExportedFromLSP.swift in Sources */ = {isa = PBXBuildFile; fileRef = 0CAD87592D8CB1D4002ABF1D /* ExportedFromLSP.swift */; };
		0CAD87632D8CB1D4002ABF1D /* String+LineEnding.swift in Sources */ = {isa = PBXBuildFile; fileRef = 0CAD875C2D8CB1D4002ABF1D /* String+LineEnding.swift */; };
		0CDF71152D8C292F002FA8D6 /* Preview Assets.xcassets in Resources */ = {isa = PBXBuildFile; fileRef = 0CDF710B2D8C292F002FA8D6 /* Preview Assets.xcassets */; };
		0CDF71162D8C292F002FA8D6 /* Assets.xcassets in Resources */ = {isa = PBXBuildFile; fileRef = 0CDF710E2D8C292F002FA8D6 /* Assets.xcassets */; };
		0CDF71172D8C292F002FA8D6 /* Config.xcconfig in Resources */ = {isa = PBXBuildFile; fileRef = 0CDF710F2D8C292F002FA8D6 /* Config.xcconfig */; };
		0CDF71182D8C292F002FA8D6 /* Config.dev.xcconfig in Resources */ = {isa = PBXBuildFile; fileRef = 0CDF71102D8C292F002FA8D6 /* Config.dev.xcconfig */; };
		0CDF711A2D8C292F002FA8D6 /* App.swift in Sources */ = {isa = PBXBuildFile; fileRef = 0CDF710D2D8C292F002FA8D6 /* App.swift */; };
		0CDF711B2D8C292F002FA8D6 /* ContentView.swift in Sources */ = {isa = PBXBuildFile; fileRef = 0CDF71112D8C292F002FA8D6 /* ContentView.swift */; };
		0CDF711E2D8C29CF002FA8D6 /* XcodeInspector.swift in Sources */ = {isa = PBXBuildFile; fileRef = 0CDF711D2D8C29CF002FA8D6 /* XcodeInspector.swift */; };
		0CDF71222D8C2AB4002FA8D6 /* AXUIElement.swift in Sources */ = {isa = PBXBuildFile; fileRef = 0CDF71212D8C2AB4002FA8D6 /* AXUIElement.swift */; };
		0CEAFD872D900F5C00DCA8E0 /* Cocoa.framework in Frameworks */ = {isa = PBXBuildFile; fileRef = 0CEAFD862D900F5C00DCA8E0 /* Cocoa.framework */; };
		0CEAFD892D900F5C00DCA8E0 /* XcodeKit.framework in Frameworks */ = {isa = PBXBuildFile; fileRef = 0CEAFD882D900F5C00DCA8E0 /* XcodeKit.framework */; };
		0CEAFD932D900F5C00DCA8E0 /* SourceExtension.appex in Embed Foundation Extensions */ = {isa = PBXBuildFile; fileRef = 0CEAFD842D900F5C00DCA8E0 /* SourceExtension.appex */; settings = {ATTRIBUTES = (RemoveHeadersOnCopy, ); }; };
		0CEAFD9E2D900F7500DCA8E0 /* SourceEditorCommand.swift in Sources */ = {isa = PBXBuildFile; fileRef = 0CEAFD9A2D900F7500DCA8E0 /* SourceEditorCommand.swift */; };
		0CEAFD9F2D900F7500DCA8E0 /* SourceEditorExtension.swift in Sources */ = {isa = PBXBuildFile; fileRef = 0CEAFD9B2D900F7500DCA8E0 /* SourceEditorExtension.swift */; };
		0CEAFDAE2D900FF900DCA8E0 /* main.swift in Sources */ = {isa = PBXBuildFile; fileRef = 0CEAFDAC2D900FF900DCA8E0 /* main.swift */; };
		0CEAFDC22D90125500DCA8E0 /* XPCService.xpc in Embed XPC Services */ = {isa = PBXBuildFile; fileRef = 0CEAFDB52D90125500DCA8E0 /* XPCService.xpc */; settings = {ATTRIBUTES = (RemoveHeadersOnCopy, ); }; };
		0CEAFDCD2D90130800DCA8E0 /* main.swift in Sources */ = {isa = PBXBuildFile; fileRef = 0CEAFDC82D90130800DCA8E0 /* main.swift */; };
		0CEAFDD22D90146200DCA8E0 /* CommunicationBridge in Embed Helpers */ = {isa = PBXBuildFile; fileRef = 0CEAFDA52D900FF000DCA8E0 /* CommunicationBridge */; settings = {ATTRIBUTES = (CodeSignOnCopy, ); }; };
		0CEAFDD62D9014EA00DCA8E0 /* bridgeLaunchAgent.plist in CopyFiles */ = {isa = PBXBuildFile; fileRef = 0CEAFDD32D90148A00DCA8E0 /* bridgeLaunchAgent.plist */; };
		0CEAFDD72D90177C00DCA8E0 /* XPCServiceProtocol.swift in Sources */ = {isa = PBXBuildFile; fileRef = 0C1A62472D8F2ED00026F288 /* XPCServiceProtocol.swift */; };
		0CEAFDD82D90177C00DCA8E0 /* XPCService.swift in Sources */ = {isa = PBXBuildFile; fileRef = 0C1A62462D8F2ED00026F288 /* XPCService.swift */; };
		0CEAFDD92D90181A00DCA8E0 /* CommunicationBridgeXPCServiceProtocol.swift in Sources */ = {isa = PBXBuildFile; fileRef = 0C1A62422D8F2ED00026F288 /* CommunicationBridgeXPCServiceProtocol.swift */; };
		0CEAFDDD2D9018A000DCA8E0 /* ServiceDelegate.swift in Sources */ = {isa = PBXBuildFile; fileRef = 0CEAFDDC2D9018A000DCA8E0 /* ServiceDelegate.swift */; };
		0CEAFDDE2D90195200DCA8E0 /* Logs.swift in Sources */ = {isa = PBXBuildFile; fileRef = 0C1A622E2D8EF9980026F288 /* Logs.swift */; };
		0CEAFDDF2D90195200DCA8E0 /* Logs.swift in Sources */ = {isa = PBXBuildFile; fileRef = 0C1A622E2D8EF9980026F288 /* Logs.swift */; };
		0CEAFDE22D901A1300DCA8E0 /* XPCServiceGlobals.swift in Sources */ = {isa = PBXBuildFile; fileRef = 0CEAFDE12D901A0D00DCA8E0 /* XPCServiceGlobals.swift */; };
		0CEAFDE32D901A3A00DCA8E0 /* XPCServiceGlobals.swift in Sources */ = {isa = PBXBuildFile; fileRef = 0CEAFDE12D901A0D00DCA8E0 /* XPCServiceGlobals.swift */; };
		0CEAFDE42D901A3A00DCA8E0 /* XPCServiceGlobals.swift in Sources */ = {isa = PBXBuildFile; fileRef = 0CEAFDE12D901A0D00DCA8E0 /* XPCServiceGlobals.swift */; };
		0CF538F12D8DC7CF007CE2B5 /* LanguageServerProtocol in Frameworks */ = {isa = PBXBuildFile; productRef = 0CF538F02D8DC7CF007CE2B5 /* LanguageServerProtocol */; };
		0CF538F52D8DC81A007CE2B5 /* Status.swift in Sources */ = {isa = PBXBuildFile; fileRef = 0CF538F22D8DC81A007CE2B5 /* Status.swift */; };
		0CF538F62D8DC81A007CE2B5 /* StatusObserver.swift in Sources */ = {isa = PBXBuildFile; fileRef = 0CF538F32D8DC81A007CE2B5 /* StatusObserver.swift */; };
		0CF538FC2D8DD0EA007CE2B5 /* PseudoCommandHandler.swift in Sources */ = {isa = PBXBuildFile; fileRef = 0CF538F72D8DD0EA007CE2B5 /* PseudoCommandHandler.swift */; };
		0CF539002D8DD1CE007CE2B5 /* NSWorkspaceExt.swift in Sources */ = {isa = PBXBuildFile; fileRef = 0CF538FF2D8DD1CE007CE2B5 /* NSWorkspaceExt.swift */; };
/* End PBXBuildFile section */

/* Begin PBXContainerItemProxy section */
		0CEAFD912D900F5C00DCA8E0 /* PBXContainerItemProxy */ = {
			isa = PBXContainerItemProxy;
			containerPortal = 0C44BFC12D8B8DD500BE2B53 /* Project object */;
			proxyType = 1;
			remoteGlobalIDString = 0CEAFD832D900F5C00DCA8E0;
			remoteInfo = SourceExtension;
		};
		0CEAFDAF2D9011C400DCA8E0 /* PBXContainerItemProxy */ = {
			isa = PBXContainerItemProxy;
			containerPortal = 0C44BFC12D8B8DD500BE2B53 /* Project object */;
			proxyType = 1;
			remoteGlobalIDString = 0CEAFDA42D900FF000DCA8E0;
			remoteInfo = CommunicationBridge;
		};
		0CEAFDBF2D90125500DCA8E0 /* PBXContainerItemProxy */ = {
			isa = PBXContainerItemProxy;
			containerPortal = 0C44BFC12D8B8DD500BE2B53 /* Project object */;
			proxyType = 1;
			remoteGlobalIDString = 0CEAFDB42D90125500DCA8E0;
			remoteInfo = XPCService;
		};
/* End PBXContainerItemProxy section */

/* Begin PBXCopyFilesBuildPhase section */
		0CEAFD942D900F5C00DCA8E0 /* Embed Foundation Extensions */ = {
			isa = PBXCopyFilesBuildPhase;
			buildActionMask = 2147483647;
			dstPath = "";
			dstSubfolderSpec = 13;
			files = (
				0CEAFD932D900F5C00DCA8E0 /* SourceExtension.appex in Embed Foundation Extensions */,
			);
			name = "Embed Foundation Extensions";
			runOnlyForDeploymentPostprocessing = 0;
		};
		0CEAFDA32D900FF000DCA8E0 /* CopyFiles */ = {
			isa = PBXCopyFilesBuildPhase;
			buildActionMask = 2147483647;
			dstPath = /usr/share/man/man1/;
			dstSubfolderSpec = 0;
			files = (
			);
			runOnlyForDeploymentPostprocessing = 1;
		};
		0CEAFDC12D90125500DCA8E0 /* Embed XPC Services */ = {
			isa = PBXCopyFilesBuildPhase;
			buildActionMask = 2147483647;
			dstPath = "";
			dstSubfolderSpec = 6;
			files = (
				0CEAFDC22D90125500DCA8E0 /* XPCService.xpc in Embed XPC Services */,
			);
			name = "Embed XPC Services";
			runOnlyForDeploymentPostprocessing = 0;
		};
		0CEAFDD12D90143700DCA8E0 /* Embed Helpers */ = {
			isa = PBXCopyFilesBuildPhase;
			buildActionMask = 2147483647;
			dstPath = ../Applications;
			dstSubfolderSpec = 6;
			files = (
				0CEAFDD22D90146200DCA8E0 /* CommunicationBridge in Embed Helpers */,
			);
			name = "Embed Helpers";
			runOnlyForDeploymentPostprocessing = 0;
		};
		0CEAFDD52D9014D400DCA8E0 /* CopyFiles */ = {
			isa = PBXCopyFilesBuildPhase;
			buildActionMask = 2147483647;
			dstPath = Contents/Library/LaunchAgents;
			dstSubfolderSpec = 1;
			files = (
				0CEAFDD62D9014EA00DCA8E0 /* bridgeLaunchAgent.plist in CopyFiles */,
			);
			runOnlyForDeploymentPostprocessing = 0;
		};
/* End PBXCopyFilesBuildPhase section */

/* Begin PBXFileReference section */
		0C1A62162D8EC7F10026F288 /* FileSaveWatcher.swift */ = {isa = PBXFileReference; lastKnownFileType = sourcecode.swift; path = FileSaveWatcher.swift; sourceTree = "<group>"; };
		0C1A62172D8EC7F10026F288 /* Filespace.swift */ = {isa = PBXFileReference; lastKnownFileType = sourcecode.swift; path = Filespace.swift; sourceTree = "<group>"; };
		0C1A62182D8EC7F10026F288 /* OpenedFileRocoverableStorage.swift */ = {isa = PBXFileReference; lastKnownFileType = sourcecode.swift; path = OpenedFileRocoverableStorage.swift; sourceTree = "<group>"; };
		0C1A62192D8EC7F10026F288 /* Workspace.swift */ = {isa = PBXFileReference; lastKnownFileType = sourcecode.swift; path = Workspace.swift; sourceTree = "<group>"; };
		0C1A621A2D8EC7F10026F288 /* WorkspacePool.swift */ = {isa = PBXFileReference; lastKnownFileType = sourcecode.swift; path = WorkspacePool.swift; sourceTree = "<group>"; };
		0C1A62212D8EC86A0026F288 /* Service.swift */ = {isa = PBXFileReference; lastKnownFileType = sourcecode.swift; path = Service.swift; sourceTree = "<group>"; };
		0C1A62262D8EE31F0026F288 /* KeyBindingManager.swift */ = {isa = PBXFileReference; lastKnownFileType = sourcecode.swift; path = KeyBindingManager.swift; sourceTree = "<group>"; };
		0C1A62272D8EE31F0026F288 /* TabToAcceptSuggestion.swift */ = {isa = PBXFileReference; lastKnownFileType = sourcecode.swift; path = TabToAcceptSuggestion.swift; sourceTree = "<group>"; };
		0C1A622E2D8EF9980026F288 /* Logs.swift */ = {isa = PBXFileReference; lastKnownFileType = sourcecode.swift; path = Logs.swift; sourceTree = "<group>"; };
		0C1A62302D8EFA020026F288 /* ActiveApplicationMonitor.swift */ = {isa = PBXFileReference; lastKnownFileType = sourcecode.swift; path = ActiveApplicationMonitor.swift; sourceTree = "<group>"; };
		0C1A62322D8EFB830026F288 /* README.md */ = {isa = PBXFileReference; lastKnownFileType = net.daringfireball.markdown; name = README.md; path = ../README.md; sourceTree = SOURCE_ROOT; };
		0C1A62332D8F06270026F288 /* UserDefaultsKey.swift */ = {isa = PBXFileReference; lastKnownFileType = sourcecode.swift; path = UserDefaultsKey.swift; sourceTree = "<group>"; };
		0C1A62352D8F0F6E0026F288 /* ScheduledCleaner.swift */ = {isa = PBXFileReference; lastKnownFileType = sourcecode.swift; path = ScheduledCleaner.swift; sourceTree = "<group>"; };
		0C1A62372D8F0FB00026F288 /* Workspace+Cleanup.swift */ = {isa = PBXFileReference; lastKnownFileType = sourcecode.swift; path = "Workspace+Cleanup.swift"; sourceTree = "<group>"; };
		0C1A62392D8F10020026F288 /* Filespace+SuggestionService.swift */ = {isa = PBXFileReference; lastKnownFileType = sourcecode.swift; path = "Filespace+SuggestionService.swift"; sourceTree = "<group>"; };
		0C1A623A2D8F10020026F288 /* LineEdit.swift */ = {isa = PBXFileReference; lastKnownFileType = sourcecode.swift; path = LineEdit.swift; sourceTree = "<group>"; };
		0C1A623B2D8F10020026F288 /* SuggestionWorkspacePlugin.swift */ = {isa = PBXFileReference; lastKnownFileType = sourcecode.swift; path = SuggestionWorkspacePlugin.swift; sourceTree = "<group>"; };
		0C1A623C2D8F10020026F288 /* Workspace+SuggestionService.swift */ = {isa = PBXFileReference; lastKnownFileType = sourcecode.swift; path = "Workspace+SuggestionService.swift"; sourceTree = "<group>"; };
		0C1A62422D8F2ED00026F288 /* CommunicationBridgeXPCServiceProtocol.swift */ = {isa = PBXFileReference; lastKnownFileType = sourcecode.swift; path = CommunicationBridgeXPCServiceProtocol.swift; sourceTree = "<group>"; };
		0C1A62432D8F2ED00026F288 /* Models.swift */ = {isa = PBXFileReference; lastKnownFileType = sourcecode.swift; path = Models.swift; sourceTree = "<group>"; };
		0C1A62442D8F2ED00026F288 /* XPCCommunicationBridge.swift */ = {isa = PBXFileReference; lastKnownFileType = sourcecode.swift; path = XPCCommunicationBridge.swift; sourceTree = "<group>"; };
		0C1A62452D8F2ED00026F288 /* XPCExtensionService.swift */ = {isa = PBXFileReference; lastKnownFileType = sourcecode.swift; path = XPCExtensionService.swift; sourceTree = "<group>"; };
		0C1A62462D8F2ED00026F288 /* XPCService.swift */ = {isa = PBXFileReference; lastKnownFileType = sourcecode.swift; path = XPCService.swift; sourceTree = "<group>"; };
		0C1A62472D8F2ED00026F288 /* XPCServiceProtocol.swift */ = {isa = PBXFileReference; lastKnownFileType = sourcecode.swift; path = XPCServiceProtocol.swift; sourceTree = "<group>"; };
		0C1A62512D8F317D0026F288 /* SuggestionService.swift */ = {isa = PBXFileReference; lastKnownFileType = sourcecode.swift; path = SuggestionService.swift; sourceTree = "<group>"; };
		0C1A62532D8F325B0026F288 /* SuggestionServiceProvider.swift */ = {isa = PBXFileReference; lastKnownFileType = sourcecode.swift; path = SuggestionServiceProvider.swift; sourceTree = "<group>"; };
		0C44BFC92D8B8DD500BE2B53 /* Localpilot for Xcode.app */ = {isa = PBXFileReference; explicitFileType = wrapper.application; includeInIndex = 0; path = "Localpilot for Xcode.app"; sourceTree = BUILT_PRODUCTS_DIR; };
		0CAD87412D8CAF31002ABF1D /* XcodeAppInstanceInspector.swift */ = {isa = PBXFileReference; lastKnownFileType = sourcecode.swift; path = XcodeAppInstanceInspector.swift; sourceTree = "<group>"; };
		0CAD87432D8CAF31002ABF1D /* AppInstanceInspector.swift */ = {isa = PBXFileReference; lastKnownFileType = sourcecode.swift; path = AppInstanceInspector.swift; sourceTree = "<group>"; };
		0CAD87452D8CAF31002ABF1D /* Helpers.swift */ = {isa = PBXFileReference; lastKnownFileType = sourcecode.swift; path = Helpers.swift; sourceTree = "<group>"; };
		0CAD87462D8CAF31002ABF1D /* SourceEditor.swift */ = {isa = PBXFileReference; lastKnownFileType = sourcecode.swift; path = SourceEditor.swift; sourceTree = "<group>"; };
		0CAD87472D8CAF31002ABF1D /* XcodeInspector+TriggerCommand.swift */ = {isa = PBXFileReference; lastKnownFileType = sourcecode.swift; path = "XcodeInspector+TriggerCommand.swift"; sourceTree = "<group>"; };
		0CAD87482D8CAF31002ABF1D /* XcodeWindowInspector.swift */ = {isa = PBXFileReference; lastKnownFileType = sourcecode.swift; path = XcodeWindowInspector.swift; sourceTree = "<group>"; };
		0CAD87512D8CB05A002ABF1D /* AsyncPassthroughSubject.swift */ = {isa = PBXFileReference; lastKnownFileType = sourcecode.swift; path = AsyncPassthroughSubject.swift; sourceTree = "<group>"; };
		0CAD87542D8CB07D002ABF1D /* AXNotificationStream.swift */ = {isa = PBXFileReference; lastKnownFileType = sourcecode.swift; path = AXNotificationStream.swift; sourceTree = "<group>"; };
		0CAD87572D8CB1D4002ABF1D /* CodeSuggestion.swift */ = {isa = PBXFileReference; lastKnownFileType = sourcecode.swift; path = CodeSuggestion.swift; sourceTree = "<group>"; };
		0CAD87582D8CB1D4002ABF1D /* EditorInformation.swift */ = {isa = PBXFileReference; lastKnownFileType = sourcecode.swift; path = EditorInformation.swift; sourceTree = "<group>"; };
		0CAD87592D8CB1D4002ABF1D /* ExportedFromLSP.swift */ = {isa = PBXFileReference; lastKnownFileType = sourcecode.swift; path = ExportedFromLSP.swift; sourceTree = "<group>"; };
		0CAD875A2D8CB1D4002ABF1D /* LanguageIdentifierFromFilePath.swift */ = {isa = PBXFileReference; lastKnownFileType = sourcecode.swift; path = LanguageIdentifierFromFilePath.swift; sourceTree = "<group>"; };
		0CAD875B2D8CB1D4002ABF1D /* Modification.swift */ = {isa = PBXFileReference; lastKnownFileType = sourcecode.swift; path = Modification.swift; sourceTree = "<group>"; };
		0CAD875C2D8CB1D4002ABF1D /* String+LineEnding.swift */ = {isa = PBXFileReference; lastKnownFileType = sourcecode.swift; path = "String+LineEnding.swift"; sourceTree = "<group>"; };
		0CDF710B2D8C292F002FA8D6 /* Preview Assets.xcassets */ = {isa = PBXFileReference; lastKnownFileType = folder.assetcatalog; path = "Preview Assets.xcassets"; sourceTree = "<group>"; };
		0CDF710D2D8C292F002FA8D6 /* App.swift */ = {isa = PBXFileReference; lastKnownFileType = sourcecode.swift; path = App.swift; sourceTree = "<group>"; };
		0CDF710E2D8C292F002FA8D6 /* Assets.xcassets */ = {isa = PBXFileReference; lastKnownFileType = folder.assetcatalog; path = Assets.xcassets; sourceTree = "<group>"; };
		0CDF710F2D8C292F002FA8D6 /* Config.xcconfig */ = {isa = PBXFileReference; lastKnownFileType = text.xcconfig; path = Config.xcconfig; sourceTree = "<group>"; };
		0CDF71102D8C292F002FA8D6 /* Config.dev.xcconfig */ = {isa = PBXFileReference; lastKnownFileType = text.xcconfig; path = Config.dev.xcconfig; sourceTree = "<group>"; };
		0CDF71112D8C292F002FA8D6 /* ContentView.swift */ = {isa = PBXFileReference; lastKnownFileType = sourcecode.swift; path = ContentView.swift; sourceTree = "<group>"; };
		0CDF71122D8C292F002FA8D6 /* Info.plist */ = {isa = PBXFileReference; lastKnownFileType = text.plist.xml; path = Info.plist; sourceTree = "<group>"; };
		0CDF71132D8C292F002FA8D6 /* Localpilot_for_Xcode.entitlements */ = {isa = PBXFileReference; lastKnownFileType = text.plist.entitlements; path = Localpilot_for_Xcode.entitlements; sourceTree = "<group>"; };
		0CDF711D2D8C29CF002FA8D6 /* XcodeInspector.swift */ = {isa = PBXFileReference; lastKnownFileType = sourcecode.swift; path = XcodeInspector.swift; sourceTree = "<group>"; };
		0CDF711F2D8C29E8002FA8D6 /* RealtimeSuggestionController.swift */ = {isa = PBXFileReference; lastKnownFileType = sourcecode.swift; path = RealtimeSuggestionController.swift; sourceTree = "<group>"; };
		0CDF71212D8C2AB4002FA8D6 /* AXUIElement.swift */ = {isa = PBXFileReference; lastKnownFileType = sourcecode.swift; path = AXUIElement.swift; sourceTree = "<group>"; };
		0CEAFD842D900F5C00DCA8E0 /* SourceExtension.appex */ = {isa = PBXFileReference; explicitFileType = "wrapper.app-extension"; includeInIndex = 0; path = SourceExtension.appex; sourceTree = BUILT_PRODUCTS_DIR; };
		0CEAFD862D900F5C00DCA8E0 /* Cocoa.framework */ = {isa = PBXFileReference; lastKnownFileType = wrapper.framework; name = Cocoa.framework; path = System/Library/Frameworks/Cocoa.framework; sourceTree = SDKROOT; };
		0CEAFD882D900F5C00DCA8E0 /* XcodeKit.framework */ = {isa = PBXFileReference; lastKnownFileType = wrapper.framework; name = XcodeKit.framework; path = Library/Frameworks/XcodeKit.framework; sourceTree = DEVELOPER_DIR; };
		0CEAFD992D900F7500DCA8E0 /* Info.plist */ = {isa = PBXFileReference; lastKnownFileType = text.plist.xml; path = Info.plist; sourceTree = "<group>"; };
		0CEAFD9A2D900F7500DCA8E0 /* SourceEditorCommand.swift */ = {isa = PBXFileReference; lastKnownFileType = sourcecode.swift; path = SourceEditorCommand.swift; sourceTree = "<group>"; };
		0CEAFD9B2D900F7500DCA8E0 /* SourceEditorExtension.swift */ = {isa = PBXFileReference; lastKnownFileType = sourcecode.swift; path = SourceEditorExtension.swift; sourceTree = "<group>"; };
		0CEAFD9C2D900F7500DCA8E0 /* SourceExtension.entitlements */ = {isa = PBXFileReference; lastKnownFileType = text.plist.entitlements; path = SourceExtension.entitlements; sourceTree = "<group>"; };
		0CEAFDA52D900FF000DCA8E0 /* CommunicationBridge */ = {isa = PBXFileReference; explicitFileType = "compiled.mach-o.executable"; includeInIndex = 0; path = CommunicationBridge; sourceTree = BUILT_PRODUCTS_DIR; };
		0CEAFDAC2D900FF900DCA8E0 /* main.swift */ = {isa = PBXFileReference; lastKnownFileType = sourcecode.swift; path = main.swift; sourceTree = "<group>"; };
		0CEAFDB52D90125500DCA8E0 /* XPCService.xpc */ = {isa = PBXFileReference; explicitFileType = "wrapper.xpc-service"; includeInIndex = 0; path = XPCService.xpc; sourceTree = BUILT_PRODUCTS_DIR; };
		0CEAFDC72D90130800DCA8E0 /* Info.plist */ = {isa = PBXFileReference; lastKnownFileType = text.plist.xml; path = Info.plist; sourceTree = "<group>"; };
		0CEAFDC82D90130800DCA8E0 /* main.swift */ = {isa = PBXFileReference; lastKnownFileType = sourcecode.swift; path = main.swift; sourceTree = "<group>"; };
		0CEAFDC92D90130800DCA8E0 /* XPCService.entitlements */ = {isa = PBXFileReference; lastKnownFileType = text.plist.entitlements; path = XPCService.entitlements; sourceTree = "<group>"; };
		0CEAFDD32D90148A00DCA8E0 /* bridgeLaunchAgent.plist */ = {isa = PBXFileReference; lastKnownFileType = text.plist.xml; path = bridgeLaunchAgent.plist; sourceTree = "<group>"; };
		0CEAFDDC2D9018A000DCA8E0 /* ServiceDelegate.swift */ = {isa = PBXFileReference; lastKnownFileType = sourcecode.swift; path = ServiceDelegate.swift; sourceTree = "<group>"; };
		0CEAFDE12D901A0D00DCA8E0 /* XPCServiceGlobals.swift */ = {isa = PBXFileReference; lastKnownFileType = sourcecode.swift; path = XPCServiceGlobals.swift; sourceTree = "<group>"; };
		0CF538F22D8DC81A007CE2B5 /* Status.swift */ = {isa = PBXFileReference; lastKnownFileType = sourcecode.swift; path = Status.swift; sourceTree = "<group>"; };
		0CF538F32D8DC81A007CE2B5 /* StatusObserver.swift */ = {isa = PBXFileReference; lastKnownFileType = sourcecode.swift; path = StatusObserver.swift; sourceTree = "<group>"; };
		0CF538F72D8DD0EA007CE2B5 /* PseudoCommandHandler.swift */ = {isa = PBXFileReference; lastKnownFileType = sourcecode.swift; path = PseudoCommandHandler.swift; sourceTree = "<group>"; };
		0CF538FF2D8DD1CE007CE2B5 /* NSWorkspaceExt.swift */ = {isa = PBXFileReference; lastKnownFileType = sourcecode.swift; path = NSWorkspaceExt.swift; sourceTree = "<group>"; };
/* End PBXFileReference section */

/* Begin PBXFrameworksBuildPhase section */
		0C44BFC62D8B8DD500BE2B53 /* Frameworks */ = {
			isa = PBXFrameworksBuildPhase;
			buildActionMask = 2147483647;
			files = (
				0C1A620A2D8EC6380026F288 /* Parsing in Frameworks */,
				0CAD873F2D8CAE8B002ABF1D /* AsyncAlgorithms in Frameworks */,
				0C1A622D2D8EE3DA0026F288 /* CombineBinding in Frameworks */,
				0CF538F12D8DC7CF007CE2B5 /* LanguageServerProtocol in Frameworks */,
				0C1A62252D8EE2970026F288 /* CGEventOverride in Frameworks */,
			);
			runOnlyForDeploymentPostprocessing = 0;
		};
		0CEAFD812D900F5C00DCA8E0 /* Frameworks */ = {
			isa = PBXFrameworksBuildPhase;
			buildActionMask = 2147483647;
			files = (
				0CEAFD872D900F5C00DCA8E0 /* Cocoa.framework in Frameworks */,
				0CEAFD892D900F5C00DCA8E0 /* XcodeKit.framework in Frameworks */,
			);
			runOnlyForDeploymentPostprocessing = 0;
		};
		0CEAFDA22D900FF000DCA8E0 /* Frameworks */ = {
			isa = PBXFrameworksBuildPhase;
			buildActionMask = 2147483647;
			files = (
			);
			runOnlyForDeploymentPostprocessing = 0;
		};
		0CEAFDB22D90125500DCA8E0 /* Frameworks */ = {
			isa = PBXFrameworksBuildPhase;
			buildActionMask = 2147483647;
			files = (
			);
			runOnlyForDeploymentPostprocessing = 0;
		};
/* End PBXFrameworksBuildPhase section */

/* Begin PBXGroup section */
		0C1A62202D8EC83E0026F288 /* Service */ = {
			isa = PBXGroup;
			children = (
				0C1A62532D8F325B0026F288 /* SuggestionServiceProvider.swift */,
				0C1A62512D8F317D0026F288 /* SuggestionService.swift */,
				0C1A62212D8EC86A0026F288 /* Service.swift */,
				0CDF711F2D8C29E8002FA8D6 /* RealtimeSuggestionController.swift */,
				0C1A62352D8F0F6E0026F288 /* ScheduledCleaner.swift */,
				0C1A62372D8F0FB00026F288 /* Workspace+Cleanup.swift */,
				0C1A62282D8EE31F0026F288 /* KeyBindingManager */,
			);
			path = Service;
			sourceTree = "<group>";
		};
		0C1A62282D8EE31F0026F288 /* KeyBindingManager */ = {
			isa = PBXGroup;
			children = (
				0C1A62262D8EE31F0026F288 /* KeyBindingManager.swift */,
				0C1A62272D8EE31F0026F288 /* TabToAcceptSuggestion.swift */,
			);
			path = KeyBindingManager;
			sourceTree = "<group>";
		};
		0C1A623D2D8F10020026F288 /* WorkspaceSuggestionService */ = {
			isa = PBXGroup;
			children = (
				0C1A62392D8F10020026F288 /* Filespace+SuggestionService.swift */,
				0C1A623A2D8F10020026F288 /* LineEdit.swift */,
				0C1A623B2D8F10020026F288 /* SuggestionWorkspacePlugin.swift */,
				0C1A623C2D8F10020026F288 /* Workspace+SuggestionService.swift */,
			);
			path = WorkspaceSuggestionService;
			sourceTree = "<group>";
		};
		0C1A62482D8F2ED00026F288 /* XPCShared */ = {
			isa = PBXGroup;
			children = (
				0C1A62422D8F2ED00026F288 /* CommunicationBridgeXPCServiceProtocol.swift */,
				0C1A62432D8F2ED00026F288 /* Models.swift */,
				0C1A62442D8F2ED00026F288 /* XPCCommunicationBridge.swift */,
				0C1A62452D8F2ED00026F288 /* XPCExtensionService.swift */,
				0C1A62462D8F2ED00026F288 /* XPCService.swift */,
				0CEAFDE12D901A0D00DCA8E0 /* XPCServiceGlobals.swift */,
				0C1A62472D8F2ED00026F288 /* XPCServiceProtocol.swift */,
			);
			path = XPCShared;
			sourceTree = "<group>";
		};
		0C44BFC02D8B8DD500BE2B53 = {
			isa = PBXGroup;
			children = (
				0C1A62322D8EFB830026F288 /* README.md */,
				0CDF711C2D8C2937002FA8D6 /* Common */,
				0CDF71142D8C292F002FA8D6 /* Localpilot for Xcode */,
				0CEAFD9D2D900F7500DCA8E0 /* SourceExtension */,
				0CEAFDAD2D900FF900DCA8E0 /* CommunicationBridge */,
				0CEAFDCC2D90130800DCA8E0 /* XPCService */,
				0CEAFD852D900F5C00DCA8E0 /* Frameworks */,
				0C44BFCA2D8B8DD500BE2B53 /* Products */,
			);
			sourceTree = "<group>";
		};
		0C44BFCA2D8B8DD500BE2B53 /* Products */ = {
			isa = PBXGroup;
			children = (
				0C44BFC92D8B8DD500BE2B53 /* Localpilot for Xcode.app */,
				0CEAFD842D900F5C00DCA8E0 /* SourceExtension.appex */,
				0CEAFDA52D900FF000DCA8E0 /* CommunicationBridge */,
				0CEAFDB52D90125500DCA8E0 /* XPCService.xpc */,
			);
			name = Products;
			sourceTree = "<group>";
		};
		0CAD87422D8CAF31002ABF1D /* Apps */ = {
			isa = PBXGroup;
			children = (
				0CAD87412D8CAF31002ABF1D /* XcodeAppInstanceInspector.swift */,
			);
			path = Apps;
			sourceTree = "<group>";
		};
		0CAD87502D8CAF37002ABF1D /* XcodeInspector */ = {
			isa = PBXGroup;
			children = (
				0CAD87422D8CAF31002ABF1D /* Apps */,
				0CAD87432D8CAF31002ABF1D /* AppInstanceInspector.swift */,
				0CAD87452D8CAF31002ABF1D /* Helpers.swift */,
				0CAD87462D8CAF31002ABF1D /* SourceEditor.swift */,
				0CAD87472D8CAF31002ABF1D /* XcodeInspector+TriggerCommand.swift */,
				0CAD87482D8CAF31002ABF1D /* XcodeWindowInspector.swift */,
				0CDF711D2D8C29CF002FA8D6 /* XcodeInspector.swift */,
				0C1A62302D8EFA020026F288 /* ActiveApplicationMonitor.swift */,
			);
			path = XcodeInspector;
			sourceTree = "<group>";
		};
		0CAD875D2D8CB1D4002ABF1D /* SuggestionBasic */ = {
			isa = PBXGroup;
			children = (
				0CAD87572D8CB1D4002ABF1D /* CodeSuggestion.swift */,
				0CAD87582D8CB1D4002ABF1D /* EditorInformation.swift */,
				0CAD87592D8CB1D4002ABF1D /* ExportedFromLSP.swift */,
				0CAD875A2D8CB1D4002ABF1D /* LanguageIdentifierFromFilePath.swift */,
				0CAD875B2D8CB1D4002ABF1D /* Modification.swift */,
				0CAD875C2D8CB1D4002ABF1D /* String+LineEnding.swift */,
			);
			path = SuggestionBasic;
			sourceTree = "<group>";
		};
		0CDF710C2D8C292F002FA8D6 /* Preview Content */ = {
			isa = PBXGroup;
			children = (
				0CDF710B2D8C292F002FA8D6 /* Preview Assets.xcassets */,
			);
			path = "Preview Content";
			sourceTree = "<group>";
		};
		0CDF71142D8C292F002FA8D6 /* Localpilot for Xcode */ = {
			isa = PBXGroup;
			children = (
				0CDF710C2D8C292F002FA8D6 /* Preview Content */,
				0CDF710D2D8C292F002FA8D6 /* App.swift */,
				0CDF710E2D8C292F002FA8D6 /* Assets.xcassets */,
				0CDF710F2D8C292F002FA8D6 /* Config.xcconfig */,
				0CDF71102D8C292F002FA8D6 /* Config.dev.xcconfig */,
				0CDF71112D8C292F002FA8D6 /* ContentView.swift */,
				0CDF71122D8C292F002FA8D6 /* Info.plist */,
				0CEAFDD32D90148A00DCA8E0 /* bridgeLaunchAgent.plist */,
				0CDF71132D8C292F002FA8D6 /* Localpilot_for_Xcode.entitlements */,
			);
			path = "Localpilot for Xcode";
			sourceTree = "<group>";
		};
		0CDF711C2D8C2937002FA8D6 /* Common */ = {
			isa = PBXGroup;
			children = (
				0C1A62482D8F2ED00026F288 /* XPCShared */,
				0C1A62202D8EC83E0026F288 /* Service */,
				0CF538FE2D8DD1AE007CE2B5 /* Workspace */,
				0C1A623D2D8F10020026F288 /* WorkspaceSuggestionService */,
				0CAD875D2D8CB1D4002ABF1D /* SuggestionBasic */,
				0CAD87502D8CAF37002ABF1D /* XcodeInspector */,
				0CF538F42D8DC81A007CE2B5 /* Status */,
				0CF538FA2D8DD0EA007CE2B5 /* SuggestionCommandHandler */,
				0CDF71212D8C2AB4002FA8D6 /* AXUIElement.swift */,
				0CAD87542D8CB07D002ABF1D /* AXNotificationStream.swift */,
				0CAD87512D8CB05A002ABF1D /* AsyncPassthroughSubject.swift */,
				0C1A622E2D8EF9980026F288 /* Logs.swift */,
				0C1A62332D8F06270026F288 /* UserDefaultsKey.swift */,
			);
			path = Common;
			sourceTree = "<group>";
		};
		0CEAFD852D900F5C00DCA8E0 /* Frameworks */ = {
			isa = PBXGroup;
			children = (
				0CEAFD862D900F5C00DCA8E0 /* Cocoa.framework */,
				0CEAFD882D900F5C00DCA8E0 /* XcodeKit.framework */,
			);
			name = Frameworks;
			sourceTree = "<group>";
		};
		0CEAFD9D2D900F7500DCA8E0 /* SourceExtension */ = {
			isa = PBXGroup;
			children = (
				0CEAFD992D900F7500DCA8E0 /* Info.plist */,
				0CEAFD9A2D900F7500DCA8E0 /* SourceEditorCommand.swift */,
				0CEAFD9B2D900F7500DCA8E0 /* SourceEditorExtension.swift */,
				0CEAFD9C2D900F7500DCA8E0 /* SourceExtension.entitlements */,
			);
			path = SourceExtension;
			sourceTree = "<group>";
		};
		0CEAFDAD2D900FF900DCA8E0 /* CommunicationBridge */ = {
			isa = PBXGroup;
			children = (
				0CEAFDAC2D900FF900DCA8E0 /* main.swift */,
				0CEAFDDC2D9018A000DCA8E0 /* ServiceDelegate.swift */,
			);
			path = CommunicationBridge;
			sourceTree = "<group>";
		};
		0CEAFDCC2D90130800DCA8E0 /* XPCService */ = {
			isa = PBXGroup;
			children = (
				0CEAFDC72D90130800DCA8E0 /* Info.plist */,
				0CEAFDC82D90130800DCA8E0 /* main.swift */,
				0CEAFDC92D90130800DCA8E0 /* XPCService.entitlements */,
			);
			path = XPCService;
			sourceTree = "<group>";
		};
		0CF538F42D8DC81A007CE2B5 /* Status */ = {
			isa = PBXGroup;
			children = (
				0CF538F22D8DC81A007CE2B5 /* Status.swift */,
				0CF538F32D8DC81A007CE2B5 /* StatusObserver.swift */,
			);
			path = Status;
			sourceTree = "<group>";
		};
		0CF538FA2D8DD0EA007CE2B5 /* SuggestionCommandHandler */ = {
			isa = PBXGroup;
			children = (
				0CF538F72D8DD0EA007CE2B5 /* PseudoCommandHandler.swift */,
			);
			path = SuggestionCommandHandler;
			sourceTree = "<group>";
		};
		0CF538FE2D8DD1AE007CE2B5 /* Workspace */ = {
			isa = PBXGroup;
			children = (
				0CF538FF2D8DD1CE007CE2B5 /* NSWorkspaceExt.swift */,
				0C1A62162D8EC7F10026F288 /* FileSaveWatcher.swift */,
				0C1A62172D8EC7F10026F288 /* Filespace.swift */,
				0C1A62182D8EC7F10026F288 /* OpenedFileRocoverableStorage.swift */,
				0C1A62192D8EC7F10026F288 /* Workspace.swift */,
				0C1A621A2D8EC7F10026F288 /* WorkspacePool.swift */,
			);
			path = Workspace;
			sourceTree = "<group>";
		};
/* End PBXGroup section */

/* Begin PBXNativeTarget section */
		0C44BFC82D8B8DD500BE2B53 /* Localpilot for Xcode */ = {
			isa = PBXNativeTarget;
			buildConfigurationList = 0C44BFD82D8B8DD600BE2B53 /* Build configuration list for PBXNativeTarget "Localpilot for Xcode" */;
			buildPhases = (
				0C44BFC52D8B8DD500BE2B53 /* Sources */,
				0C44BFC62D8B8DD500BE2B53 /* Frameworks */,
				0C44BFC72D8B8DD500BE2B53 /* Resources */,
				0CEAFD942D900F5C00DCA8E0 /* Embed Foundation Extensions */,
				0CEAFDC12D90125500DCA8E0 /* Embed XPC Services */,
				0CEAFDD12D90143700DCA8E0 /* Embed Helpers */,
				0CEAFDD52D9014D400DCA8E0 /* CopyFiles */,
			);
			buildRules = (
			);
			dependencies = (
				0CEAFDB02D9011C400DCA8E0 /* PBXTargetDependency */,
				0CEAFD922D900F5C00DCA8E0 /* PBXTargetDependency */,
				0CEAFDC02D90125500DCA8E0 /* PBXTargetDependency */,
			);
			name = "Localpilot for Xcode";
			packageProductDependencies = (
				0CAD873E2D8CAE8B002ABF1D /* AsyncAlgorithms */,
				0CF538F02D8DC7CF007CE2B5 /* LanguageServerProtocol */,
				0C1A62092D8EC6380026F288 /* Parsing */,
				0C1A62242D8EE2970026F288 /* CGEventOverride */,
				0C1A622C2D8EE3DA0026F288 /* CombineBinding */,
			);
			productName = "Localpilot for Xcode";
			productReference = 0C44BFC92D8B8DD500BE2B53 /* Localpilot for Xcode.app */;
			productType = "com.apple.product-type.application";
		};
		0CEAFD832D900F5C00DCA8E0 /* SourceExtension */ = {
			isa = PBXNativeTarget;
			buildConfigurationList = 0CEAFD982D900F5C00DCA8E0 /* Build configuration list for PBXNativeTarget "SourceExtension" */;
			buildPhases = (
				0CEAFD802D900F5C00DCA8E0 /* Sources */,
				0CEAFD812D900F5C00DCA8E0 /* Frameworks */,
				0CEAFD822D900F5C00DCA8E0 /* Resources */,
			);
			buildRules = (
			);
			dependencies = (
			);
			name = SourceExtension;
			packageProductDependencies = (
			);
			productName = SourceExtension;
			productReference = 0CEAFD842D900F5C00DCA8E0 /* SourceExtension.appex */;
			productType = "com.apple.product-type.xcode-extension";
		};
		0CEAFDA42D900FF000DCA8E0 /* CommunicationBridge */ = {
			isa = PBXNativeTarget;
			buildConfigurationList = 0CEAFDA92D900FF000DCA8E0 /* Build configuration list for PBXNativeTarget "CommunicationBridge" */;
			buildPhases = (
				0CEAFDA12D900FF000DCA8E0 /* Sources */,
				0CEAFDA22D900FF000DCA8E0 /* Frameworks */,
				0CEAFDA32D900FF000DCA8E0 /* CopyFiles */,
			);
			buildRules = (
			);
			dependencies = (
			);
			name = CommunicationBridge;
			packageProductDependencies = (
			);
			productName = CommunicationBridge;
			productReference = 0CEAFDA52D900FF000DCA8E0 /* CommunicationBridge */;
			productType = "com.apple.product-type.tool";
		};
		0CEAFDB42D90125500DCA8E0 /* XPCService */ = {
			isa = PBXNativeTarget;
			buildConfigurationList = 0CEAFDC42D90125500DCA8E0 /* Build configuration list for PBXNativeTarget "XPCService" */;
			buildPhases = (
				0CEAFDB12D90125500DCA8E0 /* Sources */,
				0CEAFDB22D90125500DCA8E0 /* Frameworks */,
				0CEAFDB32D90125500DCA8E0 /* Resources */,
			);
			buildRules = (
			);
			dependencies = (
			);
			name = XPCService;
			packageProductDependencies = (
			);
			productName = XPCService;
			productReference = 0CEAFDB52D90125500DCA8E0 /* XPCService.xpc */;
			productType = "com.apple.product-type.xpc-service";
		};
/* End PBXNativeTarget section */

/* Begin PBXProject section */
		0C44BFC12D8B8DD500BE2B53 /* Project object */ = {
			isa = PBXProject;
			attributes = {
				BuildIndependentTargetsInParallel = 1;
				LastSwiftUpdateCheck = 1620;
				LastUpgradeCheck = 1620;
				TargetAttributes = {
					0C44BFC82D8B8DD500BE2B53 = {
						CreatedOnToolsVersion = 16.2;
					};
					0CEAFD832D900F5C00DCA8E0 = {
						CreatedOnToolsVersion = 16.2;
					};
					0CEAFDA42D900FF000DCA8E0 = {
						CreatedOnToolsVersion = 16.2;
					};
					0CEAFDB42D90125500DCA8E0 = {
						CreatedOnToolsVersion = 16.2;
					};
				};
			};
			buildConfigurationList = 0C44BFC42D8B8DD500BE2B53 /* Build configuration list for PBXProject "Localpilot for Xcode" */;
			developmentRegion = en;
			hasScannedForEncodings = 0;
			knownRegions = (
				en,
				Base,
			);
			mainGroup = 0C44BFC02D8B8DD500BE2B53;
			minimizedProjectReferenceProxies = 1;
			packageReferences = (
				0CAD873D2D8CAE8B002ABF1D /* XCRemoteSwiftPackageReference "swift-async-algorithms" */,
				0CF538EF2D8DC7CF007CE2B5 /* XCRemoteSwiftPackageReference "LanguageServerProtocol" */,
				0C1A62082D8EC6380026F288 /* XCRemoteSwiftPackageReference "swift-parsing" */,
				0C1A62232D8EE2970026F288 /* XCRemoteSwiftPackageReference "CGEventOverride" */,
				0C1A622B2D8EE3DA0026F288 /* XCRemoteSwiftPackageReference "CombineBinding" */,
			);
			preferredProjectObjectVersion = 77;
			productRefGroup = 0C44BFCA2D8B8DD500BE2B53 /* Products */;
			projectDirPath = "";
			projectRoot = "";
			targets = (
				0C44BFC82D8B8DD500BE2B53 /* Localpilot for Xcode */,
				0CEAFD832D900F5C00DCA8E0 /* SourceExtension */,
				0CEAFDA42D900FF000DCA8E0 /* CommunicationBridge */,
				0CEAFDB42D90125500DCA8E0 /* XPCService */,
			);
		};
/* End PBXProject section */

/* Begin PBXResourcesBuildPhase section */
		0C44BFC72D8B8DD500BE2B53 /* Resources */ = {
			isa = PBXResourcesBuildPhase;
			buildActionMask = 2147483647;
			files = (
				0CDF71152D8C292F002FA8D6 /* Preview Assets.xcassets in Resources */,
				0CDF71162D8C292F002FA8D6 /* Assets.xcassets in Resources */,
				0CDF71172D8C292F002FA8D6 /* Config.xcconfig in Resources */,
				0CDF71182D8C292F002FA8D6 /* Config.dev.xcconfig in Resources */,
			);
			runOnlyForDeploymentPostprocessing = 0;
		};
		0CEAFD822D900F5C00DCA8E0 /* Resources */ = {
			isa = PBXResourcesBuildPhase;
			buildActionMask = 2147483647;
			files = (
			);
			runOnlyForDeploymentPostprocessing = 0;
		};
		0CEAFDB32D90125500DCA8E0 /* Resources */ = {
			isa = PBXResourcesBuildPhase;
			buildActionMask = 2147483647;
			files = (
			);
			runOnlyForDeploymentPostprocessing = 0;
		};
/* End PBXResourcesBuildPhase section */

/* Begin PBXSourcesBuildPhase section */
		0C44BFC52D8B8DD500BE2B53 /* Sources */ = {
			isa = PBXSourcesBuildPhase;
			buildActionMask = 2147483647;
			files = (
				0CDF71222D8C2AB4002FA8D6 /* AXUIElement.swift in Sources */,
				0CF538FC2D8DD0EA007CE2B5 /* PseudoCommandHandler.swift in Sources */,
				0CDF711A2D8C292F002FA8D6 /* App.swift in Sources */,
				0CAD87492D8CAF31002ABF1D /* XcodeAppInstanceInspector.swift in Sources */,
				0CAD874A2D8CAF31002ABF1D /* XcodeInspector+TriggerCommand.swift in Sources */,
				0C1A62362D8F0F6E0026F288 /* ScheduledCleaner.swift in Sources */,
				0CEAFDE22D901A1300DCA8E0 /* XPCServiceGlobals.swift in Sources */,
				0C1A62492D8F2ED00026F288 /* CommunicationBridgeXPCServiceProtocol.swift in Sources */,
				0C1A624A2D8F2ED00026F288 /* XPCService.swift in Sources */,
				0C1A624B2D8F2ED00026F288 /* XPCExtensionService.swift in Sources */,
				0C1A624C2D8F2ED00026F288 /* XPCCommunicationBridge.swift in Sources */,
				0C1A624D2D8F2ED00026F288 /* Models.swift in Sources */,
				0C1A624E2D8F2ED00026F288 /* XPCServiceProtocol.swift in Sources */,
				0CAD874B2D8CAF31002ABF1D /* XcodeWindowInspector.swift in Sources */,
				0CAD87552D8CB07D002ABF1D /* AXNotificationStream.swift in Sources */,
				0CF539002D8DD1CE007CE2B5 /* NSWorkspaceExt.swift in Sources */,
				0C1A62342D8F06270026F288 /* UserDefaultsKey.swift in Sources */,
				0CAD875E2D8CB1D4002ABF1D /* Modification.swift in Sources */,
				0C1A62312D8EFA020026F288 /* ActiveApplicationMonitor.swift in Sources */,
				0CAD875F2D8CB1D4002ABF1D /* EditorInformation.swift in Sources */,
				0CAD87602D8CB1D4002ABF1D /* LanguageIdentifierFromFilePath.swift in Sources */,
				0CAD87612D8CB1D4002ABF1D /* CodeSuggestion.swift in Sources */,
				0C1A623E2D8F10020026F288 /* SuggestionWorkspacePlugin.swift in Sources */,
				0C1A623F2D8F10020026F288 /* Filespace+SuggestionService.swift in Sources */,
				0C1A62402D8F10020026F288 /* Workspace+SuggestionService.swift in Sources */,
				0C1A62412D8F10020026F288 /* LineEdit.swift in Sources */,
				0C1A62222D8EC86A0026F288 /* Service.swift in Sources */,
				0CAD87622D8CB1D4002ABF1D /* ExportedFromLSP.swift in Sources */,
				0CAD87632D8CB1D4002ABF1D /* String+LineEnding.swift in Sources */,
				0CAD874C2D8CAF31002ABF1D /* Helpers.swift in Sources */,
				0CAD87522D8CB05A002ABF1D /* AsyncPassthroughSubject.swift in Sources */,
				0C1A62542D8F325B0026F288 /* SuggestionServiceProvider.swift in Sources */,
				0C1A621B2D8EC7F10026F288 /* WorkspacePool.swift in Sources */,
				0C1A621C2D8EC7F10026F288 /* FileSaveWatcher.swift in Sources */,
				0C1A621D2D8EC7F10026F288 /* Filespace.swift in Sources */,
				0C1A621E2D8EC7F10026F288 /* OpenedFileRocoverableStorage.swift in Sources */,
				0C1A62522D8F317D0026F288 /* SuggestionService.swift in Sources */,
				0C1A621F2D8EC7F10026F288 /* Workspace.swift in Sources */,
				0CF538F52D8DC81A007CE2B5 /* Status.swift in Sources */,
				0CF538F62D8DC81A007CE2B5 /* StatusObserver.swift in Sources */,
				0CAD874E2D8CAF31002ABF1D /* SourceEditor.swift in Sources */,
				0C1A62382D8F0FB00026F288 /* Workspace+Cleanup.swift in Sources */,
				0CAD874F2D8CAF31002ABF1D /* AppInstanceInspector.swift in Sources */,
				0C1A622F2D8EF99B0026F288 /* Logs.swift in Sources */,
				0CDF711B2D8C292F002FA8D6 /* ContentView.swift in Sources */,
				0C1A62292D8EE31F0026F288 /* KeyBindingManager.swift in Sources */,
				0C1A622A2D8EE31F0026F288 /* TabToAcceptSuggestion.swift in Sources */,
				0CAD87402D8CAF0A002ABF1D /* RealtimeSuggestionController.swift in Sources */,
				0CDF711E2D8C29CF002FA8D6 /* XcodeInspector.swift in Sources */,
			);
			runOnlyForDeploymentPostprocessing = 0;
		};
		0CEAFD802D900F5C00DCA8E0 /* Sources */ = {
			isa = PBXSourcesBuildPhase;
			buildActionMask = 2147483647;
			files = (
				0CEAFD9E2D900F7500DCA8E0 /* SourceEditorCommand.swift in Sources */,
				0CEAFD9F2D900F7500DCA8E0 /* SourceEditorExtension.swift in Sources */,
			);
			runOnlyForDeploymentPostprocessing = 0;
		};
		0CEAFDA12D900FF000DCA8E0 /* Sources */ = {
			isa = PBXSourcesBuildPhase;
			buildActionMask = 2147483647;
			files = (
				0CEAFDD92D90181A00DCA8E0 /* CommunicationBridgeXPCServiceProtocol.swift in Sources */,
				0CEAFDDD2D9018A000DCA8E0 /* ServiceDelegate.swift in Sources */,
				0CEAFDE32D901A3A00DCA8E0 /* XPCServiceGlobals.swift in Sources */,
				0CEAFDDE2D90195200DCA8E0 /* Logs.swift in Sources */,
				0CEAFDAE2D900FF900DCA8E0 /* main.swift in Sources */,
			);
			runOnlyForDeploymentPostprocessing = 0;
		};
		0CEAFDB12D90125500DCA8E0 /* Sources */ = {
			isa = PBXSourcesBuildPhase;
			buildActionMask = 2147483647;
			files = (
				0CEAFDD72D90177C00DCA8E0 /* XPCServiceProtocol.swift in Sources */,
				0CEAFDD82D90177C00DCA8E0 /* XPCService.swift in Sources */,
				0CEAFDE42D901A3A00DCA8E0 /* XPCServiceGlobals.swift in Sources */,
				0CEAFDDF2D90195200DCA8E0 /* Logs.swift in Sources */,
				0CEAFDCD2D90130800DCA8E0 /* main.swift in Sources */,
			);
			runOnlyForDeploymentPostprocessing = 0;
		};
/* End PBXSourcesBuildPhase section */

/* Begin PBXTargetDependency section */
		0CEAFD922D900F5C00DCA8E0 /* PBXTargetDependency */ = {
			isa = PBXTargetDependency;
			target = 0CEAFD832D900F5C00DCA8E0 /* SourceExtension */;
			targetProxy = 0CEAFD912D900F5C00DCA8E0 /* PBXContainerItemProxy */;
		};
		0CEAFDB02D9011C400DCA8E0 /* PBXTargetDependency */ = {
			isa = PBXTargetDependency;
			target = 0CEAFDA42D900FF000DCA8E0 /* CommunicationBridge */;
			targetProxy = 0CEAFDAF2D9011C400DCA8E0 /* PBXContainerItemProxy */;
		};
		0CEAFDC02D90125500DCA8E0 /* PBXTargetDependency */ = {
			isa = PBXTargetDependency;
			target = 0CEAFDB42D90125500DCA8E0 /* XPCService */;
			targetProxy = 0CEAFDBF2D90125500DCA8E0 /* PBXContainerItemProxy */;
		};
/* End PBXTargetDependency section */

/* Begin XCBuildConfiguration section */
		0C44BFD62D8B8DD600BE2B53 /* Debug */ = {
			isa = XCBuildConfiguration;
			baseConfigurationReference = 0CDF71102D8C292F002FA8D6 /* Config.dev.xcconfig */;
			buildSettings = {
				ALWAYS_SEARCH_USER_PATHS = NO;
				ASSETCATALOG_COMPILER_GENERATE_SWIFT_ASSET_SYMBOL_EXTENSIONS = YES;
				CLANG_ANALYZER_NONNULL = YES;
				CLANG_ANALYZER_NUMBER_OBJECT_CONVERSION = YES_AGGRESSIVE;
				CLANG_CXX_LANGUAGE_STANDARD = "gnu++20";
				CLANG_ENABLE_MODULES = YES;
				CLANG_ENABLE_OBJC_ARC = YES;
				CLANG_ENABLE_OBJC_WEAK = YES;
				CLANG_WARN_BLOCK_CAPTURE_AUTORELEASING = YES;
				CLANG_WARN_BOOL_CONVERSION = YES;
				CLANG_WARN_COMMA = YES;
				CLANG_WARN_CONSTANT_CONVERSION = YES;
				CLANG_WARN_DEPRECATED_OBJC_IMPLEMENTATIONS = YES;
				CLANG_WARN_DIRECT_OBJC_ISA_USAGE = YES_ERROR;
				CLANG_WARN_DOCUMENTATION_COMMENTS = YES;
				CLANG_WARN_EMPTY_BODY = YES;
				CLANG_WARN_ENUM_CONVERSION = YES;
				CLANG_WARN_INFINITE_RECURSION = YES;
				CLANG_WARN_INT_CONVERSION = YES;
				CLANG_WARN_NON_LITERAL_NULL_CONVERSION = YES;
				CLANG_WARN_OBJC_IMPLICIT_RETAIN_SELF = YES;
				CLANG_WARN_OBJC_LITERAL_CONVERSION = YES;
				CLANG_WARN_OBJC_ROOT_CLASS = YES_ERROR;
				CLANG_WARN_QUOTED_INCLUDE_IN_FRAMEWORK_HEADER = YES;
				CLANG_WARN_RANGE_LOOP_ANALYSIS = YES;
				CLANG_WARN_STRICT_PROTOTYPES = YES;
				CLANG_WARN_SUSPICIOUS_MOVE = YES;
				CLANG_WARN_UNGUARDED_AVAILABILITY = YES_AGGRESSIVE;
				CLANG_WARN_UNREACHABLE_CODE = YES;
				CLANG_WARN__DUPLICATE_METHOD_MATCH = YES;
				COPY_PHASE_STRIP = NO;
				DEBUG_INFORMATION_FORMAT = dwarf;
				ENABLE_STRICT_OBJC_MSGSEND = YES;
				ENABLE_TESTABILITY = YES;
				ENABLE_USER_SCRIPT_SANDBOXING = YES;
				GCC_C_LANGUAGE_STANDARD = gnu17;
				GCC_DYNAMIC_NO_PIC = NO;
				GCC_NO_COMMON_BLOCKS = YES;
				GCC_OPTIMIZATION_LEVEL = 0;
				GCC_PREPROCESSOR_DEFINITIONS = (
					"DEBUG=1",
					"$(inherited)",
				);
				GCC_WARN_64_TO_32_BIT_CONVERSION = YES;
				GCC_WARN_ABOUT_RETURN_TYPE = YES_ERROR;
				GCC_WARN_UNDECLARED_SELECTOR = YES;
				GCC_WARN_UNINITIALIZED_AUTOS = YES_AGGRESSIVE;
				GCC_WARN_UNUSED_FUNCTION = YES;
				GCC_WARN_UNUSED_VARIABLE = YES;
				LOCALIZATION_PREFERS_STRING_CATALOGS = YES;
				MACOSX_DEPLOYMENT_TARGET = 14.0;
				MTL_ENABLE_DEBUG_INFO = INCLUDE_SOURCE;
				MTL_FAST_MATH = YES;
				ONLY_ACTIVE_ARCH = YES;
				SDKROOT = macosx;
				SWIFT_ACTIVE_COMPILATION_CONDITIONS = "DEBUG $(inherited)";
				SWIFT_OPTIMIZATION_LEVEL = "-Onone";
			};
			name = Debug;
		};
		0C44BFD72D8B8DD600BE2B53 /* Release */ = {
			isa = XCBuildConfiguration;
			baseConfigurationReference = 0CDF710F2D8C292F002FA8D6 /* Config.xcconfig */;
			buildSettings = {
				ALWAYS_SEARCH_USER_PATHS = NO;
				ASSETCATALOG_COMPILER_GENERATE_SWIFT_ASSET_SYMBOL_EXTENSIONS = YES;
				CLANG_ANALYZER_NONNULL = YES;
				CLANG_ANALYZER_NUMBER_OBJECT_CONVERSION = YES_AGGRESSIVE;
				CLANG_CXX_LANGUAGE_STANDARD = "gnu++20";
				CLANG_ENABLE_MODULES = YES;
				CLANG_ENABLE_OBJC_ARC = YES;
				CLANG_ENABLE_OBJC_WEAK = YES;
				CLANG_WARN_BLOCK_CAPTURE_AUTORELEASING = YES;
				CLANG_WARN_BOOL_CONVERSION = YES;
				CLANG_WARN_COMMA = YES;
				CLANG_WARN_CONSTANT_CONVERSION = YES;
				CLANG_WARN_DEPRECATED_OBJC_IMPLEMENTATIONS = YES;
				CLANG_WARN_DIRECT_OBJC_ISA_USAGE = YES_ERROR;
				CLANG_WARN_DOCUMENTATION_COMMENTS = YES;
				CLANG_WARN_EMPTY_BODY = YES;
				CLANG_WARN_ENUM_CONVERSION = YES;
				CLANG_WARN_INFINITE_RECURSION = YES;
				CLANG_WARN_INT_CONVERSION = YES;
				CLANG_WARN_NON_LITERAL_NULL_CONVERSION = YES;
				CLANG_WARN_OBJC_IMPLICIT_RETAIN_SELF = YES;
				CLANG_WARN_OBJC_LITERAL_CONVERSION = YES;
				CLANG_WARN_OBJC_ROOT_CLASS = YES_ERROR;
				CLANG_WARN_QUOTED_INCLUDE_IN_FRAMEWORK_HEADER = YES;
				CLANG_WARN_RANGE_LOOP_ANALYSIS = YES;
				CLANG_WARN_STRICT_PROTOTYPES = YES;
				CLANG_WARN_SUSPICIOUS_MOVE = YES;
				CLANG_WARN_UNGUARDED_AVAILABILITY = YES_AGGRESSIVE;
				CLANG_WARN_UNREACHABLE_CODE = YES;
				CLANG_WARN__DUPLICATE_METHOD_MATCH = YES;
				COPY_PHASE_STRIP = NO;
				DEBUG_INFORMATION_FORMAT = "dwarf-with-dsym";
				ENABLE_NS_ASSERTIONS = NO;
				ENABLE_STRICT_OBJC_MSGSEND = YES;
				ENABLE_USER_SCRIPT_SANDBOXING = YES;
				GCC_C_LANGUAGE_STANDARD = gnu17;
				GCC_NO_COMMON_BLOCKS = YES;
				GCC_WARN_64_TO_32_BIT_CONVERSION = YES;
				GCC_WARN_ABOUT_RETURN_TYPE = YES_ERROR;
				GCC_WARN_UNDECLARED_SELECTOR = YES;
				GCC_WARN_UNINITIALIZED_AUTOS = YES_AGGRESSIVE;
				GCC_WARN_UNUSED_FUNCTION = YES;
				GCC_WARN_UNUSED_VARIABLE = YES;
				LOCALIZATION_PREFERS_STRING_CATALOGS = YES;
				MACOSX_DEPLOYMENT_TARGET = 14.0;
				MTL_ENABLE_DEBUG_INFO = NO;
				MTL_FAST_MATH = YES;
				SDKROOT = macosx;
				SWIFT_COMPILATION_MODE = wholemodule;
			};
			name = Release;
		};
		0C44BFD92D8B8DD600BE2B53 /* Debug */ = {
			isa = XCBuildConfiguration;
			buildSettings = {
				ASSETCATALOG_COMPILER_APPICON_NAME = AppIcon;
				ASSETCATALOG_COMPILER_GLOBAL_ACCENT_COLOR_NAME = AccentColor;
				CODE_SIGN_ENTITLEMENTS = "Localpilot for Xcode/Localpilot_for_Xcode.entitlements";
				CODE_SIGN_STYLE = Automatic;
				COMBINE_HIDPI_IMAGES = YES;
				CURRENT_PROJECT_VERSION = 1;
				DEVELOPMENT_ASSET_PATHS = "\"Localpilot for Xcode/Preview Content\"";
				DEVELOPMENT_TEAM = 669J55BPZE;
				ENABLE_HARDENED_RUNTIME = YES;
				ENABLE_PREVIEWS = YES;
				GENERATE_INFOPLIST_FILE = YES;
				INFOPLIST_FILE = "Localpilot for Xcode/Info.plist";
				INFOPLIST_KEY_LSApplicationCategoryType = "public.app-category.developer-tools";
				INFOPLIST_KEY_NSHumanReadableCopyright = "";
				LD_RUNPATH_SEARCH_PATHS = (
					"$(inherited)",
					"@executable_path/../Frameworks",
				);
				MARKETING_VERSION = 1.0;
				PRODUCT_BUNDLE_IDENTIFIER = "$(BUNDLE_IDENTIFIER_BASE)";
				PRODUCT_NAME = "$(TARGET_NAME)";
				SWIFT_EMIT_LOC_STRINGS = YES;
				SWIFT_VERSION = 5.0;
			};
			name = Debug;
		};
		0C44BFDA2D8B8DD600BE2B53 /* Release */ = {
			isa = XCBuildConfiguration;
			buildSettings = {
				ASSETCATALOG_COMPILER_APPICON_NAME = AppIcon;
				ASSETCATALOG_COMPILER_GLOBAL_ACCENT_COLOR_NAME = AccentColor;
				CODE_SIGN_ENTITLEMENTS = "Localpilot for Xcode/Localpilot_for_Xcode.entitlements";
				CODE_SIGN_STYLE = Automatic;
				COMBINE_HIDPI_IMAGES = YES;
				CURRENT_PROJECT_VERSION = 1;
				DEVELOPMENT_ASSET_PATHS = "\"Localpilot for Xcode/Preview Content\"";
				DEVELOPMENT_TEAM = 669J55BPZE;
				ENABLE_HARDENED_RUNTIME = YES;
				ENABLE_PREVIEWS = YES;
				GENERATE_INFOPLIST_FILE = YES;
				INFOPLIST_FILE = "Localpilot for Xcode/Info.plist";
				INFOPLIST_KEY_LSApplicationCategoryType = "public.app-category.developer-tools";
				INFOPLIST_KEY_NSHumanReadableCopyright = "";
				LD_RUNPATH_SEARCH_PATHS = (
					"$(inherited)",
					"@executable_path/../Frameworks",
				);
				MARKETING_VERSION = 1.0;
				PRODUCT_BUNDLE_IDENTIFIER = "$(BUNDLE_IDENTIFIER_BASE)";
				PRODUCT_NAME = "$(TARGET_NAME)";
				SWIFT_EMIT_LOC_STRINGS = YES;
				SWIFT_VERSION = 5.0;
			};
			name = Release;
		};
		0CEAFD952D900F5C00DCA8E0 /* Debug */ = {
			isa = XCBuildConfiguration;
			buildSettings = {
				CODE_SIGN_ENTITLEMENTS = SourceExtension/SourceExtension.entitlements;
				CODE_SIGN_STYLE = Automatic;
				COMBINE_HIDPI_IMAGES = YES;
				CURRENT_PROJECT_VERSION = 1;
				DEVELOPMENT_TEAM = 669J55BPZE;
				ENABLE_HARDENED_RUNTIME = YES;
				GENERATE_INFOPLIST_FILE = YES;
				INFOPLIST_FILE = SourceExtension/Info.plist;
				INFOPLIST_KEY_CFBundleDisplayName = SourceExtension;
				INFOPLIST_KEY_NSHumanReadableCopyright = "";
				LD_RUNPATH_SEARCH_PATHS = (
					"$(inherited)",
					"@executable_path/../Frameworks",
					"@executable_path/../../../../Frameworks",
				);
				MACOSX_DEPLOYMENT_TARGET = 14.0;
				MARKETING_VERSION = 1.0;
				PRODUCT_BUNDLE_IDENTIFIER = "$(BUNDLE_IDENTIFIER_BASE).SourceExtension";
				PRODUCT_NAME = "$(TARGET_NAME)";
				SKIP_INSTALL = YES;
				SWIFT_EMIT_LOC_STRINGS = YES;
				SWIFT_VERSION = 5.0;
			};
			name = Debug;
		};
		0CEAFD962D900F5C00DCA8E0 /* Release */ = {
			isa = XCBuildConfiguration;
			buildSettings = {
				CODE_SIGN_ENTITLEMENTS = SourceExtension/SourceExtension.entitlements;
				CODE_SIGN_STYLE = Automatic;
				COMBINE_HIDPI_IMAGES = YES;
				CURRENT_PROJECT_VERSION = 1;
				DEVELOPMENT_TEAM = 669J55BPZE;
				ENABLE_HARDENED_RUNTIME = YES;
				GENERATE_INFOPLIST_FILE = YES;
				INFOPLIST_FILE = SourceExtension/Info.plist;
				INFOPLIST_KEY_CFBundleDisplayName = SourceExtension;
				INFOPLIST_KEY_NSHumanReadableCopyright = "";
				LD_RUNPATH_SEARCH_PATHS = (
					"$(inherited)",
					"@executable_path/../Frameworks",
					"@executable_path/../../../../Frameworks",
				);
				MACOSX_DEPLOYMENT_TARGET = 14.0;
				MARKETING_VERSION = 1.0;
				PRODUCT_BUNDLE_IDENTIFIER = "$(BUNDLE_IDENTIFIER_BASE).SourceExtension";
				PRODUCT_NAME = "$(TARGET_NAME)";
				SKIP_INSTALL = YES;
				SWIFT_EMIT_LOC_STRINGS = YES;
				SWIFT_VERSION = 5.0;
			};
			name = Release;
		};
		0CEAFDAA2D900FF000DCA8E0 /* Debug */ = {
			isa = XCBuildConfiguration;
			buildSettings = {
				CODE_SIGN_STYLE = Automatic;
				DEVELOPMENT_TEAM = 669J55BPZE;
				ENABLE_HARDENED_RUNTIME = YES;
				MACOSX_DEPLOYMENT_TARGET = 14.0;
				PRODUCT_BUNDLE_IDENTIFIER = "$(BUNDLE_IDENTIFIER_BASE).CommunicationBridge";
				PRODUCT_NAME = "$(TARGET_NAME)";
				SWIFT_VERSION = 5.0;
			};
			name = Debug;
		};
		0CEAFDAB2D900FF000DCA8E0 /* Release */ = {
			isa = XCBuildConfiguration;
			buildSettings = {
				CODE_SIGN_STYLE = Automatic;
				DEVELOPMENT_TEAM = 669J55BPZE;
				ENABLE_HARDENED_RUNTIME = YES;
				MACOSX_DEPLOYMENT_TARGET = 14.0;
				PRODUCT_BUNDLE_IDENTIFIER = "$(BUNDLE_IDENTIFIER_BASE).CommunicationBridge";
				PRODUCT_NAME = "$(TARGET_NAME)";
				SWIFT_VERSION = 5.0;
			};
			name = Release;
		};
		0CEAFDC52D90125500DCA8E0 /* Debug */ = {
			isa = XCBuildConfiguration;
			buildSettings = {
				CODE_SIGN_ENTITLEMENTS = XPCService/XPCService.entitlements;
				CODE_SIGN_STYLE = Automatic;
				COMBINE_HIDPI_IMAGES = YES;
				CURRENT_PROJECT_VERSION = 1;
				DEVELOPMENT_TEAM = 669J55BPZE;
				ENABLE_HARDENED_RUNTIME = YES;
				GENERATE_INFOPLIST_FILE = YES;
				INFOPLIST_FILE = XPCService/Info.plist;
				INFOPLIST_KEY_CFBundleDisplayName = XPCService;
				INFOPLIST_KEY_NSHumanReadableCopyright = "";
				MACOSX_DEPLOYMENT_TARGET = 14.0;
				MARKETING_VERSION = 1.0;
				PRODUCT_BUNDLE_IDENTIFIER = "$(BUNDLE_IDENTIFIER_BASE).XPCService";
				PRODUCT_NAME = "$(TARGET_NAME)";
				SKIP_INSTALL = YES;
				SWIFT_EMIT_LOC_STRINGS = YES;
				SWIFT_VERSION = 5.0;
			};
			name = Debug;
		};
		0CEAFDC62D90125500DCA8E0 /* Release */ = {
			isa = XCBuildConfiguration;
			buildSettings = {
				CODE_SIGN_ENTITLEMENTS = XPCService/XPCService.entitlements;
				CODE_SIGN_STYLE = Automatic;
				COMBINE_HIDPI_IMAGES = YES;
				CURRENT_PROJECT_VERSION = 1;
				DEVELOPMENT_TEAM = 669J55BPZE;
				ENABLE_HARDENED_RUNTIME = YES;
				GENERATE_INFOPLIST_FILE = YES;
				INFOPLIST_FILE = XPCService/Info.plist;
				INFOPLIST_KEY_CFBundleDisplayName = XPCService;
				INFOPLIST_KEY_NSHumanReadableCopyright = "";
				MACOSX_DEPLOYMENT_TARGET = 14.0;
				MARKETING_VERSION = 1.0;
				PRODUCT_BUNDLE_IDENTIFIER = "$(BUNDLE_IDENTIFIER_BASE).XPCService";
				PRODUCT_NAME = "$(TARGET_NAME)";
				SKIP_INSTALL = YES;
				SWIFT_EMIT_LOC_STRINGS = YES;
				SWIFT_VERSION = 5.0;
			};
			name = Release;
		};
/* End XCBuildConfiguration section */

/* Begin XCConfigurationList section */
		0C44BFC42D8B8DD500BE2B53 /* Build configuration list for PBXProject "Localpilot for Xcode" */ = {
			isa = XCConfigurationList;
			buildConfigurations = (
				0C44BFD62D8B8DD600BE2B53 /* Debug */,
				0C44BFD72D8B8DD600BE2B53 /* Release */,
			);
			defaultConfigurationIsVisible = 0;
			defaultConfigurationName = Release;
		};
		0C44BFD82D8B8DD600BE2B53 /* Build configuration list for PBXNativeTarget "Localpilot for Xcode" */ = {
			isa = XCConfigurationList;
			buildConfigurations = (
				0C44BFD92D8B8DD600BE2B53 /* Debug */,
				0C44BFDA2D8B8DD600BE2B53 /* Release */,
			);
			defaultConfigurationIsVisible = 0;
			defaultConfigurationName = Release;
		};
		0CEAFD982D900F5C00DCA8E0 /* Build configuration list for PBXNativeTarget "SourceExtension" */ = {
			isa = XCConfigurationList;
			buildConfigurations = (
				0CEAFD952D900F5C00DCA8E0 /* Debug */,
				0CEAFD962D900F5C00DCA8E0 /* Release */,
			);
			defaultConfigurationIsVisible = 0;
			defaultConfigurationName = Release;
		};
		0CEAFDA92D900FF000DCA8E0 /* Build configuration list for PBXNativeTarget "CommunicationBridge" */ = {
			isa = XCConfigurationList;
			buildConfigurations = (
				0CEAFDAA2D900FF000DCA8E0 /* Debug */,
				0CEAFDAB2D900FF000DCA8E0 /* Release */,
			);
			defaultConfigurationIsVisible = 0;
			defaultConfigurationName = Release;
		};
		0CEAFDC42D90125500DCA8E0 /* Build configuration list for PBXNativeTarget "XPCService" */ = {
			isa = XCConfigurationList;
			buildConfigurations = (
				0CEAFDC52D90125500DCA8E0 /* Debug */,
				0CEAFDC62D90125500DCA8E0 /* Release */,
			);
			defaultConfigurationIsVisible = 0;
			defaultConfigurationName = Release;
		};
/* End XCConfigurationList section */

/* Begin XCRemoteSwiftPackageReference section */
		0C1A62082D8EC6380026F288 /* XCRemoteSwiftPackageReference "swift-parsing" */ = {
			isa = XCRemoteSwiftPackageReference;
			repositoryURL = "https://github.com/pointfreeco/swift-parsing";
			requirement = {
				kind = upToNextMajorVersion;
				minimumVersion = 0.12.1;
			};
		};
		0C1A62232D8EE2970026F288 /* XCRemoteSwiftPackageReference "CGEventOverride" */ = {
			isa = XCRemoteSwiftPackageReference;
			repositoryURL = "https://github.com/devm33/CGEventOverride";
			requirement = {
				branch = "devm33/fix-stale-AXIsProcessTrusted";
				kind = branch;
			};
		};
		0C1A622B2D8EE3DA0026F288 /* XCRemoteSwiftPackageReference "CombineBinding" */ = {
			isa = XCRemoteSwiftPackageReference;
			repositoryURL = "https://github.com/N1k1tung/CombineBinding";
			requirement = {
				branch = main;
				kind = branch;
			};
		};
		0CAD873D2D8CAE8B002ABF1D /* XCRemoteSwiftPackageReference "swift-async-algorithms" */ = {
			isa = XCRemoteSwiftPackageReference;
			repositoryURL = "https://github.com/apple/swift-async-algorithms.git";
			requirement = {
				kind = upToNextMajorVersion;
				minimumVersion = 1.0.3;
			};
		};
		0CF538EF2D8DC7CF007CE2B5 /* XCRemoteSwiftPackageReference "LanguageServerProtocol" */ = {
			isa = XCRemoteSwiftPackageReference;
			repositoryURL = "https://github.com/ChimeHQ/LanguageServerProtocol";
			requirement = {
				kind = upToNextMajorVersion;
				minimumVersion = 0.8.0;
			};
		};
/* End XCRemoteSwiftPackageReference section */

/* Begin XCSwiftPackageProductDependency section */
		0C1A62092D8EC6380026F288 /* Parsing */ = {
			isa = XCSwiftPackageProductDependency;
			package = 0C1A62082D8EC6380026F288 /* XCRemoteSwiftPackageReference "swift-parsing" */;
			productName = Parsing;
		};
		0C1A62242D8EE2970026F288 /* CGEventOverride */ = {
			isa = XCSwiftPackageProductDependency;
			package = 0C1A62232D8EE2970026F288 /* XCRemoteSwiftPackageReference "CGEventOverride" */;
			productName = CGEventOverride;
		};
		0C1A622C2D8EE3DA0026F288 /* CombineBinding */ = {
			isa = XCSwiftPackageProductDependency;
			package = 0C1A622B2D8EE3DA0026F288 /* XCRemoteSwiftPackageReference "CombineBinding" */;
			productName = CombineBinding;
		};
		0CAD873E2D8CAE8B002ABF1D /* AsyncAlgorithms */ = {
			isa = XCSwiftPackageProductDependency;
			package = 0CAD873D2D8CAE8B002ABF1D /* XCRemoteSwiftPackageReference "swift-async-algorithms" */;
			productName = AsyncAlgorithms;
		};
		0CF538F02D8DC7CF007CE2B5 /* LanguageServerProtocol */ = {
			isa = XCSwiftPackageProductDependency;
			package = 0CF538EF2D8DC7CF007CE2B5 /* XCRemoteSwiftPackageReference "LanguageServerProtocol" */;
			productName = LanguageServerProtocol;
		};
/* End XCSwiftPackageProductDependency section */
	};
	rootObject = 0C44BFC12D8B8DD500BE2B53 /* Project object */;
}
